
Microsoft Visual Studio Solution File, Format Version 11.00
# Visual Studio 2010
Project("{FAE04EC0-301F-11D3-BF4B-00C04F79EFBC}") = "EuroApi", "EuroApi\EuroApi.csproj", "{CCE9FC4E-F763-4E1C-B9BE-B0125CD8A9A6}"
EndProject
Global
	GlobalSection(SolutionConfigurationPlatforms) = preSolution
		Debug|Any CPU = Debug|Any CPU
		Debug|x86 = Debug|x86
		Release|Any CPU = Release|Any CPU
		Release|x86 = Release|x86
	EndGlobalSection
	GlobalSection(ProjectConfigurationPlatforms) = postSolution
		{CCE9FC4E-F763-4E1C-B9BE-B0125CD8A9A6}.Debug|Any CPU.ActiveCfg = Debug|Any CPU
		{CCE9FC4E-F763-4E1C-B9BE-B0125CD8A9A6}.Debug|Any CPU.Build.0 = Debug|Any CPU
		{CCE9FC4E-F763-4E1C-B9BE-B0125CD8A9A6}.Debug|x86.ActiveCfg = Debug|Any CPU
		{CCE9FC4E-F763-4E1C-B9BE-B0125CD8A9A6}.Debug|x86.Build.0 = Debug|Any CPU
		{CCE9FC4E-F763-4E1C-B9BE-B0125CD8A9A6}.Release|Any CPU.ActiveCfg = Release|Any CPU
		{CCE9FC4E-F763-4E1C-B9BE-B0125CD8A9A6}.Release|Any CPU.Build.0 = Release|Any CPU
		{CCE9FC4E-F763-4E1C-B9BE-B0125CD8A9A6}.Release|x86.ActiveCfg = Release|x86
		{CCE9FC4E-F763-4E1C-B9BE-B0125CD8A9A6}.Release|x86.Build.0 = Release|x86
	EndGlobalSection
	GlobalSection(SolutionProperties) = preSolution
		HideSolutionNode = FALSE
	EndGlobalSection
EndGlobal
